
Microsoft Visual Studio Solution File, Format Version 12.00
# Visual Studio Version 16
VisualStudioVersion = 16.0.29709.97
MinimumVisualStudioVersion = 10.0.40219.1
Project("{FAE04EC0-301F-11D3-BF4B-00C04F79EFBC}") = "WebApplication1", "WebApplication1\WebApplication1.csproj", "{B56C8851-3AB4-428A-B274-84B3A40B7816}"
EndProject
Global
	GlobalSection(SolutionConfigurationPlatforms) = preSolution
		Debug|Any CPU = Debug|Any CPU
		Release|Any CPU = Release|Any CPU
	EndGlobalSection
	GlobalSection(ProjectConfigurationPlatforms) = postSolution
		{B56C8851-3AB4-428A-B274-84B3A40B7816}.Debug|Any CPU.ActiveCfg = Debug|Any CPU
		{B56C8851-3AB4-428A-B274-84B3A40B7816}.Debug|Any CPU.Build.0 = Debug|Any CPU
		{B56C8851-3AB4-428A-B274-84B3A40B7816}.Release|Any CPU.ActiveCfg = Release|Any CPU
		{B56C8851-3AB4-428A-B274-84B3A40B7816}.Release|Any CPU.Build.0 = Release|Any CPU
	EndGlobalSection
	GlobalSection(SolutionProperties) = preSolution
		HideSolutionNode = FALSE
	EndGlobalSection
	GlobalSection(ExtensibilityGlobals) = postSolution
		SolutionGuid = {B49A4464-F1D3-4C90-BAE7-5131C05F1CFE}
	EndGlobalSection
EndGlobal
